
Microsoft Visual Studio Solution File, Format Version 12.00
# Visual Studio Version 17
VisualStudioVersion = 17.11.35327.3
MinimumVisualStudioVersion = 10.0.40219.1
Project("{2150E333-8FDC-42A3-9474-1A3956D46DE8}") = "Task0", "Task0", "{433E03A7-76D7-4562-BE7F-F02F50C749AB}"
EndProject
Project("{9A19103F-16F7-4668-BE54-9A1E7A4F7556}") = "Tyuiu.MusinND.Sprint4.Task0.V16", "Tyuiu.MusinND.Sprint4.Task0.V16\Tyuiu.MusinND.Sprint4.Task0.V16.csproj", "{EDE87CD1-271D-4934-8DBB-C48E93F4A788}"
EndProject
Project("{9A19103F-16F7-4668-BE54-9A1E7A4F7556}") = "Tyuiu.MusinND.Sprint4.Task0.V16.Lib", "Tyuiu.MusinND.Sprint4.Task0.V16.Lib\Tyuiu.MusinND.Sprint4.Task0.V16.Lib.csproj", "{9573D79D-A2F3-41BC-B553-6472A228D371}"
EndProject
Project("{9A19103F-16F7-4668-BE54-9A1E7A4F7556}") = "Tyuiu.MusinND.Sprint4.Task0.V16.Test", "Tyuiu.MusinND.Sprint4.Task0.V16.Test\Tyuiu.MusinND.Sprint4.Task0.V16.Test.csproj", "{ACA91179-EF8B-422F-9EA8-F6729A3520EC}"
EndProject
Project("{9A19103F-16F7-4668-BE54-9A1E7A4F7556}") = "Tyuiu.MusinND.Sprint4.Task1.V4.Lib", "Tyuiu.MusinND.Sprint4.Task1.V4.Lib\Tyuiu.MusinND.Sprint4.Task1.V4.Lib.csproj", "{E2612808-C53B-49A0-805D-19B8E42012AC}"
EndProject
Project("{9A19103F-16F7-4668-BE54-9A1E7A4F7556}") = "Tyuiu.MusinND.Sprint4.Task1.V4", "Tyuiu.MusinND.Sprint4.Task1.V4\Tyuiu.MusinND.Sprint4.Task1.V4.csproj", "{63447223-6845-4451-B6FB-1005766DD136}"
EndProject
Project("{9A19103F-16F7-4668-BE54-9A1E7A4F7556}") = "Tyuiu.MusinND.Sprint4.Task1.V4.Test", "Tyuiu.MusinND.Sprint4.Task1.V4.Test\Tyuiu.MusinND.Sprint4.Task1.V4.Test.csproj", "{7BEFCED6-2C41-483A-AFB0-CD5EEF9A41E2}"
EndProject
Project("{2150E333-8FDC-42A3-9474-1A3956D46DE8}") = "Task1", "Task1", "{687AD2FC-D89C-4BF3-B4C6-961AC0196332}"
EndProject
Project("{9A19103F-16F7-4668-BE54-9A1E7A4F7556}") = "Tyuiu.MusinND.Sprint4.Task2.V27.Lib", "Tyuiu.MusinND.Sprint4.Task2.V27.Lib\Tyuiu.MusinND.Sprint4.Task2.V27.Lib.csproj", "{CA436763-A215-4E74-9EB3-262917446C47}"
EndProject
Project("{9A19103F-16F7-4668-BE54-9A1E7A4F7556}") = "Tyuiu.MusinND.Sprint4.Task2.V27", "Tyuiu.MusinND.Sprint4.Task2.V27\Tyuiu.MusinND.Sprint4.Task2.V27.csproj", "{357EE981-BADF-444B-B46B-504231EC69E7}"
EndProject
Project("{9A19103F-16F7-4668-BE54-9A1E7A4F7556}") = "Tyuiu.MusinND.Sprint4.Task2.V27.Test", "Tyuiu.MusinND.Sprint4.Task2.V27.Test\Tyuiu.MusinND.Sprint4.Task2.V27.Test.csproj", "{70158109-3B41-4431-BB94-BEA47CBDE074}"
EndProject
Project("{2150E333-8FDC-42A3-9474-1A3956D46DE8}") = "Task2", "Task2", "{BAD6379D-C68C-4089-AFF5-54A35A93F672}"
EndProject
Project("{9A19103F-16F7-4668-BE54-9A1E7A4F7556}") = "Tyuiu.MusinND.Sprint4.Task3.V7.Lib", "Tyuiu.MusinND.Sprint4.Task3.V7.Lib\Tyuiu.MusinND.Sprint4.Task3.V7.Lib.csproj", "{5D8B0C6B-91F9-4181-9743-7262E5B97F72}"
EndProject
Project("{9A19103F-16F7-4668-BE54-9A1E7A4F7556}") = "Tyuiu.MusinND.Sprint4.Task3.V7", "Tyuiu.MusinND.Sprint4.Task3.V7\Tyuiu.MusinND.Sprint4.Task3.V7.csproj", "{682D3C4E-BC50-4E0E-AC2C-B9381CB3FE1C}"
EndProject
Project("{9A19103F-16F7-4668-BE54-9A1E7A4F7556}") = "Tyuiu.MusinND.Sprint4.Task3.V7.Test", "Tyuiu.MusinND.Sprint4.Task3.V7.Test\Tyuiu.MusinND.Sprint4.Task3.V7.Test.csproj", "{B446A2F1-F07A-4A5F-BF29-D1AEC29AE9F0}"
EndProject
Project("{2150E333-8FDC-42A3-9474-1A3956D46DE8}") = "Task3", "Task3", "{0E76E612-9C15-494F-8C9C-3C35457C9B0A}"
EndProject
Project("{9A19103F-16F7-4668-BE54-9A1E7A4F7556}") = "Tyuiu.MusinND.Sprint4.Task4.V5.Lib", "Tyuiu.MusinND.Sprint4.Task4.V5.Lib\Tyuiu.MusinND.Sprint4.Task4.V5.Lib.csproj", "{FAA98B57-D96D-4B92-B85C-C0F6C1460B00}"
EndProject
Project("{9A19103F-16F7-4668-BE54-9A1E7A4F7556}") = "Tyuiu.MusinND.Sprint4.Task4.V5", "Tyuiu.MusinND.Sprint4.Task4.V5\Tyuiu.MusinND.Sprint4.Task4.V5.csproj", "{F5235827-F327-4A55-815E-D7250721281D}"
EndProject
Project("{9A19103F-16F7-4668-BE54-9A1E7A4F7556}") = "Tyuiu.MusinND.Sprint4.Task4.V5.Test", "Tyuiu.MusinND.Sprint4.Task4.V5.Test\Tyuiu.MusinND.Sprint4.Task4.V5.Test.csproj", "{CCE61D51-8CD4-4B28-9DE2-192EF865C195}"
EndProject
Project("{2150E333-8FDC-42A3-9474-1A3956D46DE8}") = "Task4", "Task4", "{7417CD09-A04A-4D4D-81A9-6F4887332B19}"
EndProject
Project("{9A19103F-16F7-4668-BE54-9A1E7A4F7556}") = "Tyuiu.MusinND.Sprint4.Task5.V22.Lib", "Tyuiu.MusinND.Sprint4.Task5.V22.Lib\Tyuiu.MusinND.Sprint4.Task5.V22.Lib.csproj", "{DDEACC08-0483-4D77-A0B0-AAEA45D48158}"
EndProject
Project("{9A19103F-16F7-4668-BE54-9A1E7A4F7556}") = "Tyuiu.MusinND.Sprint4.Task5.V22", "Tyuiu.MusinND.Sprint4.Task5.V22\Tyuiu.MusinND.Sprint4.Task5.V22.csproj", "{ADD7F3E7-F62D-4177-84AE-7929A8461793}"
EndProject
Project("{9A19103F-16F7-4668-BE54-9A1E7A4F7556}") = "Tyuiu.MusinND.Sprint4.Task5.V22.Test", "Tyuiu.MusinND.Sprint4.Task5.V22.Test\Tyuiu.MusinND.Sprint4.Task5.V22.Test.csproj", "{7FEA7F01-EF8C-4FAA-ADDF-1DA71CDA227B}"
EndProject
Project("{2150E333-8FDC-42A3-9474-1A3956D46DE8}") = "Task5", "Task5", "{CC51CA8F-14B1-4821-8342-CBE6E29486D6}"
EndProject
Project("{9A19103F-16F7-4668-BE54-9A1E7A4F7556}") = "Tyuiu.MusinND.Sprint4.Task6.V2.Lib", "Tyuiu.MusinND.Sprint4.Task6.V2.Lib\Tyuiu.MusinND.Sprint4.Task6.V2.Lib.csproj", "{0DFDC020-6EBC-4A89-8F25-FAC8E6340FC9}"
EndProject
Project("{9A19103F-16F7-4668-BE54-9A1E7A4F7556}") = "Tyuiu.MusinND.Sprint4.Task6.V2", "Tyuiu.MusinND.Sprint4.Task6.V2\Tyuiu.MusinND.Sprint4.Task6.V2.csproj", "{28CD4E01-B4D3-4C5E-80A4-06351806B504}"
EndProject
Project("{9A19103F-16F7-4668-BE54-9A1E7A4F7556}") = "Tyuiu.MusinND.Sprint4.Task6.V2.Test", "Tyuiu.MusinND.Sprint4.Task6.V2.Test\Tyuiu.MusinND.Sprint4.Task6.V2.Test.csproj", "{26FEF940-9A0F-472F-9C25-633E9A39AB3E}"
EndProject
Project("{2150E333-8FDC-42A3-9474-1A3956D46DE8}") = "Task6", "Task6", "{0EF9918A-7D0B-4B98-9817-89753E7FE7AE}"
EndProject
Project("{9A19103F-16F7-4668-BE54-9A1E7A4F7556}") = "Tyuiu.MusinND.Sprint4.Task7.V9.Lib", "Tyuiu.MusinND.Sprint4.Task7.V9.Lib\Tyuiu.MusinND.Sprint4.Task7.V9.Lib.csproj", "{6F3CA101-54D6-4879-AD02-E8ADB0921186}"
EndProject
Project("{9A19103F-16F7-4668-BE54-9A1E7A4F7556}") = "Tyuiu.MusinND.Sprint4.Task7.V9", "Tyuiu.MusinND.Sprint4.Task7.V9\Tyuiu.MusinND.Sprint4.Task7.V9.csproj", "{D70B6A20-7AFA-4AA9-9C69-6577C81A21CD}"
EndProject
Project("{9A19103F-16F7-4668-BE54-9A1E7A4F7556}") = "Tyuiu.MusinND.Sprint4.Task7.V9.Test", "Tyuiu.MusinND.Sprint4.Task7.V9.Test\Tyuiu.MusinND.Sprint4.Task7.V9.Test.csproj", "{C7AD554B-FA00-4D14-B2A5-C23A7192A9F8}"
EndProject
Project("{2150E333-8FDC-42A3-9474-1A3956D46DE8}") = "Task7", "Task7", "{7401BF52-75B6-48A3-98F5-E8D98059F252}"
EndProject
Global
	GlobalSection(SolutionConfigurationPlatforms) = preSolution
		Debug|Any CPU = Debug|Any CPU
		Release|Any CPU = Release|Any CPU
	EndGlobalSection
	GlobalSection(ProjectConfigurationPlatforms) = postSolution
		{EDE87CD1-271D-4934-8DBB-C48E93F4A788}.Debug|Any CPU.ActiveCfg = Debug|Any CPU
		{EDE87CD1-271D-4934-8DBB-C48E93F4A788}.Debug|Any CPU.Build.0 = Debug|Any CPU
		{EDE87CD1-271D-4934-8DBB-C48E93F4A788}.Release|Any CPU.ActiveCfg = Release|Any CPU
		{EDE87CD1-271D-4934-8DBB-C48E93F4A788}.Release|Any CPU.Build.0 = Release|Any CPU
		{9573D79D-A2F3-41BC-B553-6472A228D371}.Debug|Any CPU.ActiveCfg = Debug|Any CPU
		{9573D79D-A2F3-41BC-B553-6472A228D371}.Debug|Any CPU.Build.0 = Debug|Any CPU
		{9573D79D-A2F3-41BC-B553-6472A228D371}.Release|Any CPU.ActiveCfg = Release|Any CPU
		{9573D79D-A2F3-41BC-B553-6472A228D371}.Release|Any CPU.Build.0 = Release|Any CPU
		{ACA91179-EF8B-422F-9EA8-F6729A3520EC}.Debug|Any CPU.ActiveCfg = Debug|Any CPU
		{ACA91179-EF8B-422F-9EA8-F6729A3520EC}.Debug|Any CPU.Build.0 = Debug|Any CPU
		{ACA91179-EF8B-422F-9EA8-F6729A3520EC}.Release|Any CPU.ActiveCfg = Release|Any CPU
		{ACA91179-EF8B-422F-9EA8-F6729A3520EC}.Release|Any CPU.Build.0 = Release|Any CPU
		{E2612808-C53B-49A0-805D-19B8E42012AC}.Debug|Any CPU.ActiveCfg = Debug|Any CPU
		{E2612808-C53B-49A0-805D-19B8E42012AC}.Debug|Any CPU.Build.0 = Debug|Any CPU
		{E2612808-C53B-49A0-805D-19B8E42012AC}.Release|Any CPU.ActiveCfg = Release|Any CPU
		{E2612808-C53B-49A0-805D-19B8E42012AC}.Release|Any CPU.Build.0 = Release|Any CPU
		{63447223-6845-4451-B6FB-1005766DD136}.Debug|Any CPU.ActiveCfg = Debug|Any CPU
		{63447223-6845-4451-B6FB-1005766DD136}.Debug|Any CPU.Build.0 = Debug|Any CPU
		{63447223-6845-4451-B6FB-1005766DD136}.Release|Any CPU.ActiveCfg = Release|Any CPU
		{63447223-6845-4451-B6FB-1005766DD136}.Release|Any CPU.Build.0 = Release|Any CPU
		{7BEFCED6-2C41-483A-AFB0-CD5EEF9A41E2}.Debug|Any CPU.ActiveCfg = Debug|Any CPU
		{7BEFCED6-2C41-483A-AFB0-CD5EEF9A41E2}.Debug|Any CPU.Build.0 = Debug|Any CPU
		{7BEFCED6-2C41-483A-AFB0-CD5EEF9A41E2}.Release|Any CPU.ActiveCfg = Release|Any CPU
		{7BEFCED6-2C41-483A-AFB0-CD5EEF9A41E2}.Release|Any CPU.Build.0 = Release|Any CPU
		{CA436763-A215-4E74-9EB3-262917446C47}.Debug|Any CPU.ActiveCfg = Debug|Any CPU
		{CA436763-A215-4E74-9EB3-262917446C47}.Debug|Any CPU.Build.0 = Debug|Any CPU
		{CA436763-A215-4E74-9EB3-262917446C47}.Release|Any CPU.ActiveCfg = Release|Any CPU
		{CA436763-A215-4E74-9EB3-262917446C47}.Release|Any CPU.Build.0 = Release|Any CPU
		{357EE981-BADF-444B-B46B-504231EC69E7}.Debug|Any CPU.ActiveCfg = Debug|Any CPU
		{357EE981-BADF-444B-B46B-504231EC69E7}.Debug|Any CPU.Build.0 = Debug|Any CPU
		{357EE981-BADF-444B-B46B-504231EC69E7}.Release|Any CPU.ActiveCfg = Release|Any CPU
		{357EE981-BADF-444B-B46B-504231EC69E7}.Release|Any CPU.Build.0 = Release|Any CPU
		{70158109-3B41-4431-BB94-BEA47CBDE074}.Debug|Any CPU.ActiveCfg = Debug|Any CPU
		{70158109-3B41-4431-BB94-BEA47CBDE074}.Debug|Any CPU.Build.0 = Debug|Any CPU
		{70158109-3B41-4431-BB94-BEA47CBDE074}.Release|Any CPU.ActiveCfg = Release|Any CPU
		{70158109-3B41-4431-BB94-BEA47CBDE074}.Release|Any CPU.Build.0 = Release|Any CPU
		{5D8B0C6B-91F9-4181-9743-7262E5B97F72}.Debug|Any CPU.ActiveCfg = Debug|Any CPU
		{5D8B0C6B-91F9-4181-9743-7262E5B97F72}.Debug|Any CPU.Build.0 = Debug|Any CPU
		{5D8B0C6B-91F9-4181-9743-7262E5B97F72}.Release|Any CPU.ActiveCfg = Release|Any CPU
		{5D8B0C6B-91F9-4181-9743-7262E5B97F72}.Release|Any CPU.Build.0 = Release|Any CPU
		{682D3C4E-BC50-4E0E-AC2C-B9381CB3FE1C}.Debug|Any CPU.ActiveCfg = Debug|Any CPU
		{682D3C4E-BC50-4E0E-AC2C-B9381CB3FE1C}.Debug|Any CPU.Build.0 = Debug|Any CPU
		{682D3C4E-BC50-4E0E-AC2C-B9381CB3FE1C}.Release|Any CPU.ActiveCfg = Release|Any CPU
		{682D3C4E-BC50-4E0E-AC2C-B9381CB3FE1C}.Release|Any CPU.Build.0 = Release|Any CPU
		{B446A2F1-F07A-4A5F-BF29-D1AEC29AE9F0}.Debug|Any CPU.ActiveCfg = Debug|Any CPU
		{B446A2F1-F07A-4A5F-BF29-D1AEC29AE9F0}.Debug|Any CPU.Build.0 = Debug|Any CPU
		{B446A2F1-F07A-4A5F-BF29-D1AEC29AE9F0}.Release|Any CPU.ActiveCfg = Release|Any CPU
		{B446A2F1-F07A-4A5F-BF29-D1AEC29AE9F0}.Release|Any CPU.Build.0 = Release|Any CPU
		{FAA98B57-D96D-4B92-B85C-C0F6C1460B00}.Debug|Any CPU.ActiveCfg = Debug|Any CPU
		{FAA98B57-D96D-4B92-B85C-C0F6C1460B00}.Debug|Any CPU.Build.0 = Debug|Any CPU
		{FAA98B57-D96D-4B92-B85C-C0F6C1460B00}.Release|Any CPU.ActiveCfg = Release|Any CPU
		{FAA98B57-D96D-4B92-B85C-C0F6C1460B00}.Release|Any CPU.Build.0 = Release|Any CPU
		{F5235827-F327-4A55-815E-D7250721281D}.Debug|Any CPU.ActiveCfg = Debug|Any CPU
		{F5235827-F327-4A55-815E-D7250721281D}.Debug|Any CPU.Build.0 = Debug|Any CPU
		{F5235827-F327-4A55-815E-D7250721281D}.Release|Any CPU.ActiveCfg = Release|Any CPU
		{F5235827-F327-4A55-815E-D7250721281D}.Release|Any CPU.Build.0 = Release|Any CPU
		{CCE61D51-8CD4-4B28-9DE2-192EF865C195}.Debug|Any CPU.ActiveCfg = Debug|Any CPU
		{CCE61D51-8CD4-4B28-9DE2-192EF865C195}.Debug|Any CPU.Build.0 = Debug|Any CPU
		{CCE61D51-8CD4-4B28-9DE2-192EF865C195}.Release|Any CPU.ActiveCfg = Release|Any CPU
		{CCE61D51-8CD4-4B28-9DE2-192EF865C195}.Release|Any CPU.Build.0 = Release|Any CPU
		{DDEACC08-0483-4D77-A0B0-AAEA45D48158}.Debug|Any CPU.ActiveCfg = Debug|Any CPU
		{DDEACC08-0483-4D77-A0B0-AAEA45D48158}.Debug|Any CPU.Build.0 = Debug|Any CPU
		{DDEACC08-0483-4D77-A0B0-AAEA45D48158}.Release|Any CPU.ActiveCfg = Release|Any CPU
		{DDEACC08-0483-4D77-A0B0-AAEA45D48158}.Release|Any CPU.Build.0 = Release|Any CPU
		{ADD7F3E7-F62D-4177-84AE-7929A8461793}.Debug|Any CPU.ActiveCfg = Debug|Any CPU
		{ADD7F3E7-F62D-4177-84AE-7929A8461793}.Debug|Any CPU.Build.0 = Debug|Any CPU
		{ADD7F3E7-F62D-4177-84AE-7929A8461793}.Release|Any CPU.ActiveCfg = Release|Any CPU
		{ADD7F3E7-F62D-4177-84AE-7929A8461793}.Release|Any CPU.Build.0 = Release|Any CPU
		{7FEA7F01-EF8C-4FAA-ADDF-1DA71CDA227B}.Debug|Any CPU.ActiveCfg = Debug|Any CPU
		{7FEA7F01-EF8C-4FAA-ADDF-1DA71CDA227B}.Debug|Any CPU.Build.0 = Debug|Any CPU
		{7FEA7F01-EF8C-4FAA-ADDF-1DA71CDA227B}.Release|Any CPU.ActiveCfg = Release|Any CPU
		{7FEA7F01-EF8C-4FAA-ADDF-1DA71CDA227B}.Release|Any CPU.Build.0 = Release|Any CPU
		{0DFDC020-6EBC-4A89-8F25-FAC8E6340FC9}.Debug|Any CPU.ActiveCfg = Debug|Any CPU
		{0DFDC020-6EBC-4A89-8F25-FAC8E6340FC9}.Debug|Any CPU.Build.0 = Debug|Any CPU
		{0DFDC020-6EBC-4A89-8F25-FAC8E6340FC9}.Release|Any CPU.ActiveCfg = Release|Any CPU
		{0DFDC020-6EBC-4A89-8F25-FAC8E6340FC9}.Release|Any CPU.Build.0 = Release|Any CPU
		{28CD4E01-B4D3-4C5E-80A4-06351806B504}.Debug|Any CPU.ActiveCfg = Debug|Any CPU
		{28CD4E01-B4D3-4C5E-80A4-06351806B504}.Debug|Any CPU.Build.0 = Debug|Any CPU
		{28CD4E01-B4D3-4C5E-80A4-06351806B504}.Release|Any CPU.ActiveCfg = Release|Any CPU
		{28CD4E01-B4D3-4C5E-80A4-06351806B504}.Release|Any CPU.Build.0 = Release|Any CPU
		{26FEF940-9A0F-472F-9C25-633E9A39AB3E}.Debug|Any CPU.ActiveCfg = Debug|Any CPU
		{26FEF940-9A0F-472F-9C25-633E9A39AB3E}.Debug|Any CPU.Build.0 = Debug|Any CPU
		{26FEF940-9A0F-472F-9C25-633E9A39AB3E}.Release|Any CPU.ActiveCfg = Release|Any CPU
		{26FEF940-9A0F-472F-9C25-633E9A39AB3E}.Release|Any CPU.Build.0 = Release|Any CPU
		{6F3CA101-54D6-4879-AD02-E8ADB0921186}.Debug|Any CPU.ActiveCfg = Debug|Any CPU
		{6F3CA101-54D6-4879-AD02-E8ADB0921186}.Debug|Any CPU.Build.0 = Debug|Any CPU
		{6F3CA101-54D6-4879-AD02-E8ADB0921186}.Release|Any CPU.ActiveCfg = Release|Any CPU
		{6F3CA101-54D6-4879-AD02-E8ADB0921186}.Release|Any CPU.Build.0 = Release|Any CPU
		{D70B6A20-7AFA-4AA9-9C69-6577C81A21CD}.Debug|Any CPU.ActiveCfg = Debug|Any CPU
		{D70B6A20-7AFA-4AA9-9C69-6577C81A21CD}.Debug|Any CPU.Build.0 = Debug|Any CPU
		{D70B6A20-7AFA-4AA9-9C69-6577C81A21CD}.Release|Any CPU.ActiveCfg = Release|Any CPU
		{D70B6A20-7AFA-4AA9-9C69-6577C81A21CD}.Release|Any CPU.Build.0 = Release|Any CPU
		{C7AD554B-FA00-4D14-B2A5-C23A7192A9F8}.Debug|Any CPU.ActiveCfg = Debug|Any CPU
		{C7AD554B-FA00-4D14-B2A5-C23A7192A9F8}.Debug|Any CPU.Build.0 = Debug|Any CPU
		{C7AD554B-FA00-4D14-B2A5-C23A7192A9F8}.Release|Any CPU.ActiveCfg = Release|Any CPU
		{C7AD554B-FA00-4D14-B2A5-C23A7192A9F8}.Release|Any CPU.Build.0 = Release|Any CPU
	EndGlobalSection
	GlobalSection(SolutionProperties) = preSolution
		HideSolutionNode = FALSE
	EndGlobalSection
	GlobalSection(NestedProjects) = preSolution
		{EDE87CD1-271D-4934-8DBB-C48E93F4A788} = {433E03A7-76D7-4562-BE7F-F02F50C749AB}
		{9573D79D-A2F3-41BC-B553-6472A228D371} = {433E03A7-76D7-4562-BE7F-F02F50C749AB}
		{ACA91179-EF8B-422F-9EA8-F6729A3520EC} = {433E03A7-76D7-4562-BE7F-F02F50C749AB}
		{E2612808-C53B-49A0-805D-19B8E42012AC} = {687AD2FC-D89C-4BF3-B4C6-961AC0196332}
		{63447223-6845-4451-B6FB-1005766DD136} = {687AD2FC-D89C-4BF3-B4C6-961AC0196332}
		{7BEFCED6-2C41-483A-AFB0-CD5EEF9A41E2} = {687AD2FC-D89C-4BF3-B4C6-961AC0196332}
		{CA436763-A215-4E74-9EB3-262917446C47} = {BAD6379D-C68C-4089-AFF5-54A35A93F672}
		{357EE981-BADF-444B-B46B-504231EC69E7} = {BAD6379D-C68C-4089-AFF5-54A35A93F672}
		{70158109-3B41-4431-BB94-BEA47CBDE074} = {BAD6379D-C68C-4089-AFF5-54A35A93F672}
		{5D8B0C6B-91F9-4181-9743-7262E5B97F72} = {0E76E612-9C15-494F-8C9C-3C35457C9B0A}
		{682D3C4E-BC50-4E0E-AC2C-B9381CB3FE1C} = {0E76E612-9C15-494F-8C9C-3C35457C9B0A}
		{B446A2F1-F07A-4A5F-BF29-D1AEC29AE9F0} = {0E76E612-9C15-494F-8C9C-3C35457C9B0A}
		{FAA98B57-D96D-4B92-B85C-C0F6C1460B00} = {7417CD09-A04A-4D4D-81A9-6F4887332B19}
		{F5235827-F327-4A55-815E-D7250721281D} = {7417CD09-A04A-4D4D-81A9-6F4887332B19}
		{CCE61D51-8CD4-4B28-9DE2-192EF865C195} = {7417CD09-A04A-4D4D-81A9-6F4887332B19}
		{DDEACC08-0483-4D77-A0B0-AAEA45D48158} = {CC51CA8F-14B1-4821-8342-CBE6E29486D6}
		{ADD7F3E7-F62D-4177-84AE-7929A8461793} = {CC51CA8F-14B1-4821-8342-CBE6E29486D6}
		{7FEA7F01-EF8C-4FAA-ADDF-1DA71CDA227B} = {CC51CA8F-14B1-4821-8342-CBE6E29486D6}
		{0DFDC020-6EBC-4A89-8F25-FAC8E6340FC9} = {0EF9918A-7D0B-4B98-9817-89753E7FE7AE}
		{28CD4E01-B4D3-4C5E-80A4-06351806B504} = {0EF9918A-7D0B-4B98-9817-89753E7FE7AE}
		{26FEF940-9A0F-472F-9C25-633E9A39AB3E} = {0EF9918A-7D0B-4B98-9817-89753E7FE7AE}
		{6F3CA101-54D6-4879-AD02-E8ADB0921186} = {7401BF52-75B6-48A3-98F5-E8D98059F252}
		{D70B6A20-7AFA-4AA9-9C69-6577C81A21CD} = {7401BF52-75B6-48A3-98F5-E8D98059F252}
		{C7AD554B-FA00-4D14-B2A5-C23A7192A9F8} = {7401BF52-75B6-48A3-98F5-E8D98059F252}
	EndGlobalSection
	GlobalSection(ExtensibilityGlobals) = postSolution
		SolutionGuid = {884AEB39-1D6E-43B6-BD99-415E6F9DFBC7}
	EndGlobalSection
EndGlobal
